
Microsoft Visual Studio Solution File, Format Version 12.00
# Visual Studio Version 17
VisualStudioVersion = 17.8.34525.116
MinimumVisualStudioVersion = 10.0.40219.1
Project("{FAE04EC0-301F-11D3-BF4B-00C04F79EFBC}") = "Capstone Project", "Capstone Project\Capstone Project.csproj", "{9EC7A9B7-513E-4C8E-A97E-690E3C795BDF}"
EndProject
Global
	GlobalSection(SolutionConfigurationPlatforms) = preSolution
		Debug|Any CPU = Debug|Any CPU
		Release|Any CPU = Release|Any CPU
	EndGlobalSection
	GlobalSection(ProjectConfigurationPlatforms) = postSolution
		{9EC7A9B7-513E-4C8E-A97E-690E3C795BDF}.Debug|Any CPU.ActiveCfg = Debug|Any CPU
		{9EC7A9B7-513E-4C8E-A97E-690E3C795BDF}.Debug|Any CPU.Build.0 = Debug|Any CPU
		{9EC7A9B7-513E-4C8E-A97E-690E3C795BDF}.Release|Any CPU.ActiveCfg = Release|Any CPU
		{9EC7A9B7-513E-4C8E-A97E-690E3C795BDF}.Release|Any CPU.Build.0 = Release|Any CPU
	EndGlobalSection
	GlobalSection(SolutionProperties) = preSolution
		HideSolutionNode = FALSE
	EndGlobalSection
	GlobalSection(ExtensibilityGlobals) = postSolution
		SolutionGuid = {2126343A-F020-4CE8-9CD1-FA6C58CA21E7}
	EndGlobalSection
EndGlobal
